hash: 4597c35d84c92959adee1d293c7fe70e706e9706a1c9034fa0c7645df35e1522
updated: 2018-02-12T20:15:58.119586021-05:00
imports:
- name: github.com/go-kit/kit
  version: 4dc7be5d2d12881735283bcab7352178e190fc71
  subpackages:
  - log
  - log/level
  - log/term
- name: github.com/go-logfmt/logfmt
  version: 390ab7935ee28ec6b286364bba9b4dd6410cb3d5
- name: github.com/go-stack/stack
  version: 259ab82a6cad3992b4e21ff5cac294ccb06474bc
- name: github.com/gogo/protobuf
  version: 1adfc126b41513cc696b209667c8656ea7aac67c
  subpackages:
  - gogoproto
  - proto
  - protoc-gen-gogo/descriptor
- name: github.com/golang/snappy
  version: 553a641470496b2327abcac10b36396bd98e45c9
- name: github.com/jmhodges/levigo
  version: c42d9e0ca023e2198120196f842701bb4c55d7b9
- name: github.com/kr/logfmt
  version: b84e30acd515aadc4b783ad4ff83aff3299bdfe0
- name: github.com/pkg/errors
  version: e881fd58d78e04cf6d0de1217f8707c8cc2249bc
- name: github.com/syndtr/goleveldb
  version: 34011bf325bce385408353a30b101fe5e923eb6e
  subpackages:
  - leveldb
  - leveldb/cache
  - leveldb/comparer
  - leveldb/errors
  - leveldb/filter
  - leveldb/iterator
  - leveldb/journal
  - leveldb/memdb
  - leveldb/opt
  - leveldb/storage
  - leveldb/table
  - leveldb/util
- name: github.com/tendermint/go-wire
  version: b6fc872b42d41158a60307db4da051dd6f179415
- name: github.com/tendermint/tmlibs
  version: c858b3ba78316fdd9096a11409a7e7a493e7d974
  subpackages:
  - common
  - db
  - log
  - test
- name: golang.org/x/crypto
  version: 13931e22f9e72ea58bb73048bc752b48c6d4d4ac
  subpackages:
  - ripemd160
testImports:
- name: github.com/davecgh/go-spew
  version: ecdeabc65495df2dec95d7c4a4c3e021903035e5
  subpackages:
  - spew
- name: github.com/pmezard/go-difflib
  version: 792786c7400a136282c1664665ae0a8db921c6c2
  subpackages:
  - difflib
- name: github.com/stretchr/testify
  version: 12b6f73e6084dad08a7c6e575284b177ecafbc71
  subpackages:
  - assert
  - require
