hash: 86d8829db8c8091821e9a20d3c7560b07cf2e1b919f64ba2552c3182ad5729bf
updated: 2017-01-03T15:45:08.85501396+01:00
imports:
- name: github.com/go-stack/stack
  version: 100eb0c0a9c5b306ca2fb4f165df21d80ada4b82
- name: github.com/golang/snappy
  version: d9eb7a3d35ec988b8585d4a0068e462c27d28380
- name: github.com/mattn/go-colorable
  version: 6c903ff4aa50920ca86087a280590b36b3152b9c
- name: github.com/mattn/go-isatty
  version: 66b8e73f3f5cda9f96b69efd03dd3d7fc4a5cdb8
- name: github.com/syndtr/goleveldb
  version: 6b4daa5362b502898ddf367c5c11deb9e7a5c727
  subpackages:
  - leveldb
  - leveldb/cache
  - leveldb/comparer
  - leveldb/errors
  - leveldb/filter
  - leveldb/iterator
  - leveldb/journal
  - leveldb/memdb
  - leveldb/opt
  - leveldb/storage
  - leveldb/table
  - leveldb/util
- name: github.com/tendermint/go-common
  version: 1c62bb6dadc6269aeecad5f9e7b153d950a54362
  subpackages:
  - test
- name: github.com/tendermint/go-db
  version: 2645626c33d8702739e52a61a55d705c2dfe4530
- name: github.com/tendermint/go-logger
  version: cefb3a45c0bf3c493a04e9bcd9b1540528be59f2
- name: github.com/tendermint/go-wire
  version: 287d8caeae91d21686340f5f87170560531681e6
- name: github.com/tendermint/log15
  version: 9545b249b3aacafa97f79e0838b02b274adc6f5f
  subpackages:
  - term
- name: golang.org/x/crypto
  version: 81372b2fc2f10bef2a7f338da115c315a56b2726
  subpackages:
  - ripemd160
- name: golang.org/x/sys
  version: 8f0908ab3b2457e2e15403d3697c9ef5cb4b57a9
  subpackages:
  - unix
testImports: []
